
Microsoft Visual Studio Solution File, Format Version 12.00
# Visual Studio Version 17
VisualStudioVersion = 17.14.36603.0 d17.14
MinimumVisualStudioVersion = 10.0.40219.1
Project("{54A90642-561A-4BB1-A94E-469ADEE60C69}") = "conversordemoneda.client", "conversordemoneda.client\conversordemoneda.client.esproj", "{5DE7BA60-1B4D-1E22-96A5-B3F118D5944D}"
EndProject
Project("{FAE04EC0-301F-11D3-BF4B-00C04F79EFBC}") = "ConversorDeMoneda.Server", "ConversorDeMoneda.Server\ConversorDeMoneda.Server.csproj", "{0620EAC5-9392-4EB5-BBEA-E778C2946B65}"
EndProject
Global
	GlobalSection(SolutionConfigurationPlatforms) = preSolution
		Debug|Any CPU = Debug|Any CPU
		Release|Any CPU = Release|Any CPU
	EndGlobalSection
	GlobalSection(ProjectConfigurationPlatforms) = postSolution
		{5DE7BA60-1B4D-1E22-96A5-B3F118D5944D}.Debug|Any CPU.ActiveCfg = Debug|Any CPU
		{5DE7BA60-1B4D-1E22-96A5-B3F118D5944D}.Debug|Any CPU.Build.0 = Debug|Any CPU
		{5DE7BA60-1B4D-1E22-96A5-B3F118D5944D}.Debug|Any CPU.Deploy.0 = Debug|Any CPU
		{5DE7BA60-1B4D-1E22-96A5-B3F118D5944D}.Release|Any CPU.ActiveCfg = Release|Any CPU
		{5DE7BA60-1B4D-1E22-96A5-B3F118D5944D}.Release|Any CPU.Build.0 = Release|Any CPU
		{5DE7BA60-1B4D-1E22-96A5-B3F118D5944D}.Release|Any CPU.Deploy.0 = Release|Any CPU
		{0620EAC5-9392-4EB5-BBEA-E778C2946B65}.Debug|Any CPU.ActiveCfg = Debug|Any CPU
		{0620EAC5-9392-4EB5-BBEA-E778C2946B65}.Debug|Any CPU.Build.0 = Debug|Any CPU
		{0620EAC5-9392-4EB5-BBEA-E778C2946B65}.Release|Any CPU.ActiveCfg = Release|Any CPU
		{0620EAC5-9392-4EB5-BBEA-E778C2946B65}.Release|Any CPU.Build.0 = Release|Any CPU
	EndGlobalSection
	GlobalSection(SolutionProperties) = preSolution
		HideSolutionNode = FALSE
	EndGlobalSection
	GlobalSection(ExtensibilityGlobals) = postSolution
		SolutionGuid = {90CC1F38-EA07-4044-B9D6-0AF12ED1DBE8}
	EndGlobalSection
EndGlobal
